
Microsoft Visual Studio Solution File, Format Version 12.00
# Visual Studio Version 17
VisualStudioVersion = 17.14.36518.9 d17.14
MinimumVisualStudioVersion = 10.0.40219.1
Project("{FAE04EC0-301F-11D3-BF4B-00C04F79EFBC}") = "работа 4.2(шарп)", "работа 4.2(шарп)\работа 4.2(шарп).csproj", "{ED38C026-3A9A-4998-BA47-AEEDAB95E1A7}"
EndProject
Global
	GlobalSection(SolutionConfigurationPlatforms) = preSolution
		Debug|Any CPU = Debug|Any CPU
		Release|Any CPU = Release|Any CPU
	EndGlobalSection
	GlobalSection(ProjectConfigurationPlatforms) = postSolution
		{ED38C026-3A9A-4998-BA47-AEEDAB95E1A7}.Debug|Any CPU.ActiveCfg = Debug|Any CPU
		{ED38C026-3A9A-4998-BA47-AEEDAB95E1A7}.Debug|Any CPU.Build.0 = Debug|Any CPU
		{ED38C026-3A9A-4998-BA47-AEEDAB95E1A7}.Release|Any CPU.ActiveCfg = Release|Any CPU
		{ED38C026-3A9A-4998-BA47-AEEDAB95E1A7}.Release|Any CPU.Build.0 = Release|Any CPU
	EndGlobalSection
	GlobalSection(SolutionProperties) = preSolution
		HideSolutionNode = FALSE
	EndGlobalSection
	GlobalSection(ExtensibilityGlobals) = postSolution
		SolutionGuid = {32235C48-9806-4C7B-9231-71D6B6D3B048}
	EndGlobalSection
EndGlobal
